
Microsoft Visual Studio Solution File, Format Version 12.00
# Visual Studio Version 17
VisualStudioVersion = 17.9.34728.123
MinimumVisualStudioVersion = 10.0.40219.1
Project("{FAE04EC0-301F-11D3-BF4B-00C04F79EFBC}") = "SlackWebAPI", "SlackWebAPI\SlackWebAPI.csproj", "{E9298D84-9FDC-4066-B6BF-50428FDBAEEB}"
EndProject
Global
	GlobalSection(SolutionConfigurationPlatforms) = preSolution
		Debug|Any CPU = Debug|Any CPU
		Release|Any CPU = Release|Any CPU
	EndGlobalSection
	GlobalSection(ProjectConfigurationPlatforms) = postSolution
		{E9298D84-9FDC-4066-B6BF-50428FDBAEEB}.Debug|Any CPU.ActiveCfg = Debug|Any CPU
		{E9298D84-9FDC-4066-B6BF-50428FDBAEEB}.Debug|Any CPU.Build.0 = Debug|Any CPU
		{E9298D84-9FDC-4066-B6BF-50428FDBAEEB}.Release|Any CPU.ActiveCfg = Release|Any CPU
		{E9298D84-9FDC-4066-B6BF-50428FDBAEEB}.Release|Any CPU.Build.0 = Release|Any CPU
	EndGlobalSection
	GlobalSection(SolutionProperties) = preSolution
		HideSolutionNode = FALSE
	EndGlobalSection
	GlobalSection(ExtensibilityGlobals) = postSolution
		SolutionGuid = {77625E19-C79F-4071-8B39-35B3FAFC1F87}
	EndGlobalSection
EndGlobal
